
Microsoft Visual Studio Solution File, Format Version 12.00
# Visual Studio Version 17
VisualStudioVersion = 17.4.33122.133
MinimumVisualStudioVersion = 10.0.40219.1
Project("{FAE04EC0-301F-11D3-BF4B-00C04F79EFBC}") = "FizzBuzzWeb", "FizzBuzzWeb\FizzBuzzWeb.csproj", "{0662EAAA-6139-4025-BE18-7F8C6B3755D3}"
EndProject
Global
	GlobalSection(SolutionConfigurationPlatforms) = preSolution
		Debug|Any CPU = Debug|Any CPU
		Release|Any CPU = Release|Any CPU
	EndGlobalSection
	GlobalSection(ProjectConfigurationPlatforms) = postSolution
		{0662EAAA-6139-4025-BE18-7F8C6B3755D3}.Debug|Any CPU.ActiveCfg = Debug|Any CPU
		{0662EAAA-6139-4025-BE18-7F8C6B3755D3}.Debug|Any CPU.Build.0 = Debug|Any CPU
		{0662EAAA-6139-4025-BE18-7F8C6B3755D3}.Release|Any CPU.ActiveCfg = Release|Any CPU
		{0662EAAA-6139-4025-BE18-7F8C6B3755D3}.Release|Any CPU.Build.0 = Release|Any CPU
	EndGlobalSection
	GlobalSection(SolutionProperties) = preSolution
		HideSolutionNode = FALSE
	EndGlobalSection
	GlobalSection(ExtensibilityGlobals) = postSolution
		SolutionGuid = {26E4DE9F-ABDE-4545-8700-7E13FF5A322C}
	EndGlobalSection
EndGlobal
